// !$*UTF8*$!
{
	archiveVersion = 1;
	classes = {
	};
	objectVersion = 46;
	objects = {

/* Begin PBXBuildFile section */
		550697B61C685420008C5BAF /* Harpy.framework in Frameworks */ = {isa = PBXBuildFile; fileRef = 550697AF1C685420008C5BAF /* Harpy.framework */; };
		550697B71C685420008C5BAF /* Harpy.framework in Embed Frameworks */ = {isa = PBXBuildFile; fileRef = 550697AF1C685420008C5BAF /* Harpy.framework */; settings = {ATTRIBUTES = (CodeSignOnCopy, RemoveHeadersOnCopy, ); }; };
		550697BC1C685458008C5BAF /* Harpy.m in Sources */ = {isa = PBXBuildFile; fileRef = 552E93811BC22C3000CC732D /* Harpy.m */; };
		550697BD1C68545B008C5BAF /* Harpy.h in Headers */ = {isa = PBXBuildFile; fileRef = 552E93801BC22C3000CC732D /* Harpy.h */; };
		550697BE1C68545F008C5BAF /* Harpy.bundle in Resources */ = {isa = PBXBuildFile; fileRef = 552E937F1BC22C3000CC732D /* Harpy.bundle */; };
		5511F2841BC2333700B26A22 /* AppDelegate.m in Sources */ = {isa = PBXBuildFile; fileRef = 5511F2811BC2333700B26A22 /* AppDelegate.m */; };
		5511F2851BC2333700B26A22 /* ViewController.m in Sources */ = {isa = PBXBuildFile; fileRef = 5511F2831BC2333700B26A22 /* ViewController.m */; };
		5511F2871BC2334A00B26A22 /* Assets.xcassets in Resources */ = {isa = PBXBuildFile; fileRef = 5511F2861BC2334A00B26A22 /* Assets.xcassets */; };
		5511F28B1BC2337B00B26A22 /* main.m in Sources */ = {isa = PBXBuildFile; fileRef = 5511F28A1BC2337B00B26A22 /* main.m */; };
		5511F28D1BC2338500B26A22 /* Default-568h@2x.png in Resources */ = {isa = PBXBuildFile; fileRef = 5511F28C1BC2338500B26A22 /* Default-568h@2x.png */; };
		5511F2921BC2339900B26A22 /* LaunchScreen.storyboard in Resources */ = {isa = PBXBuildFile; fileRef = 5511F28E1BC2339900B26A22 /* LaunchScreen.storyboard */; };
		5511F2931BC2339900B26A22 /* Main.storyboard in Resources */ = {isa = PBXBuildFile; fileRef = 5511F2901BC2339900B26A22 /* Main.storyboard */; };
		55B79D9C1D36F20E001197C0 /* Harpy.framework in Frameworks */ = {isa = PBXBuildFile; fileRef = 550697AF1C685420008C5BAF /* Harpy.framework */; };
		55B79DA01D372AD7001197C0 /* HarpyTests.m in Sources */ = {isa = PBXBuildFile; fileRef = 55B79D9E1D372AD7001197C0 /* HarpyTests.m */; };
/* End PBXBuildFile section */

/* Begin PBXContainerItemProxy section */
		550697B41C685420008C5BAF /* PBXContainerItemProxy */ = {
			isa = PBXContainerItemProxy;
			containerPortal = 55CF3A1B1BC212E30023B63D /* Project object */;
			proxyType = 1;
			remoteGlobalIDString = 550697AE1C685420008C5BAF;
			remoteInfo = Harpy;
		};
		55B79D971D36EC23001197C0 /* PBXContainerItemProxy */ = {
			isa = PBXContainerItemProxy;
			containerPortal = 55CF3A1B1BC212E30023B63D /* Project object */;
			proxyType = 1;
			remoteGlobalIDString = 55CF3A221BC212E30023B63D;
			remoteInfo = "Sample Project";
		};
/* End PBXContainerItemProxy section */

/* Begin PBXCopyFilesBuildPhase section */
		550697BB1C685420008C5BAF /* Embed Frameworks */ = {
			isa = PBXCopyFilesBuildPhase;
			buildActionMask = 2147483647;
			dstPath = "";
			dstSubfolderSpec = 10;
			files = (
				550697B71C685420008C5BAF /* Harpy.framework in Embed Frameworks */,
			);
			name = "Embed Frameworks";
			runOnlyForDeploymentPostprocessing = 0;
		};
/* End PBXCopyFilesBuildPhase section */

/* Begin PBXFileReference section */
		550697AF1C685420008C5BAF /* Harpy.framework */ = {isa = PBXFileReference; explicitFileType = wrapper.framework; includeInIndex = 0; path = Harpy.framework; sourceTree = BUILT_PRODUCTS_DIR; };
		550697B31C685420008C5BAF /* Info.plist */ = {isa = PBXFileReference; lastKnownFileType = text.plist.xml; path = Info.plist; sourceTree = "<group>"; };
		5511F2801BC2333700B26A22 /* AppDelegate.h */ = {isa = PBXFileReference; fileEncoding = 4; lastKnownFileType = sourcecode.c.h; name = AppDelegate.h; path = "Sample Project/AppDelegate.h"; sourceTree = SOURCE_ROOT; };
		5511F2811BC2333700B26A22 /* AppDelegate.m */ = {isa = PBXFileReference; fileEncoding = 4; lastKnownFileType = sourcecode.c.objc; name = AppDelegate.m; path = "Sample Project/AppDelegate.m"; sourceTree = SOURCE_ROOT; };
		5511F2821BC2333700B26A22 /* ViewController.h */ = {isa = PBXFileReference; fileEncoding = 4; lastKnownFileType = sourcecode.c.h; name = ViewController.h; path = "Sample Project/ViewController.h"; sourceTree = SOURCE_ROOT; };
		5511F2831BC2333700B26A22 /* ViewController.m */ = {isa = PBXFileReference; fileEncoding = 4; lastKnownFileType = sourcecode.c.objc; name = ViewController.m; path = "Sample Project/ViewController.m"; sourceTree = SOURCE_ROOT; };
		5511F2861BC2334A00B26A22 /* Assets.xcassets */ = {isa = PBXFileReference; lastKnownFileType = folder.assetcatalog; name = Assets.xcassets; path = "Sample Project/Assets.xcassets"; sourceTree = SOURCE_ROOT; };
		5511F2881BC2334F00B26A22 /* Info.plist */ = {isa = PBXFileReference; fileEncoding = 4; lastKnownFileType = text.plist.xml; name = Info.plist; path = "Sample Project/Info.plist"; sourceTree = SOURCE_ROOT; };
		5511F28A1BC2337B00B26A22 /* main.m */ = {isa = PBXFileReference; fileEncoding = 4; lastKnownFileType = sourcecode.c.objc; name = main.m; path = "Sample Project/main.m"; sourceTree = SOURCE_ROOT; };
		5511F28C1BC2338500B26A22 /* Default-568h@2x.png */ = {isa = PBXFileReference; lastKnownFileType = image.png; name = "Default-568h@2x.png"; path = "../Default-568h@2x.png"; sourceTree = "<group>"; };
		5511F28F1BC2339900B26A22 /* Base */ = {isa = PBXFileReference; lastKnownFileType = file.storyboard; name = Base; path = "Sample Project/Base.lproj/LaunchScreen.storyboard"; sourceTree = SOURCE_ROOT; };
		5511F2911BC2339900B26A22 /* Base */ = {isa = PBXFileReference; lastKnownFileType = file.storyboard; name = Base; path = "Sample Project/Base.lproj/Main.storyboard"; sourceTree = SOURCE_ROOT; };
		552E937F1BC22C3000CC732D /* Harpy.bundle */ = {isa = PBXFileReference; lastKnownFileType = "wrapper.plug-in"; name = Harpy.bundle; path = ../../Harpy/Harpy.bundle; sourceTree = "<group>"; };
		552E93801BC22C3000CC732D /* Harpy.h */ = {isa = PBXFileReference; fileEncoding = 4; lastKnownFileType = sourcecode.c.h; name = Harpy.h; path = ../../Harpy/Harpy.h; sourceTree = "<group>"; };
		552E93811BC22C3000CC732D /* Harpy.m */ = {isa = PBXFileReference; fileEncoding = 4; lastKnownFileType = sourcecode.c.objc; name = Harpy.m; path = ../../Harpy/Harpy.m; sourceTree = "<group>"; };
		55B79D921D36EC23001197C0 /* HarpyTests.xctest */ = {isa = PBXFileReference; explicitFileType = wrapper.cfbundle; includeInIndex = 0; path = HarpyTests.xctest; sourceTree = BUILT_PRODUCTS_DIR; };
		55B79D9E1D372AD7001197C0 /* HarpyTests.m */ = {isa = PBXFileReference; fileEncoding = 4; lastKnownFileType = sourcecode.c.objc; path = HarpyTests.m; sourceTree = "<group>"; };
		55B79D9F1D372AD7001197C0 /* Info.plist */ = {isa = PBXFileReference; fileEncoding = 4; lastKnownFileType = text.plist.xml; path = Info.plist; sourceTree = "<group>"; };
		55CF3A231BC212E30023B63D /* Sample Project.app */ = {isa = PBXFileReference; explicitFileType = wrapper.application; includeInIndex = 0; path = "Sample Project.app"; sourceTree = BUILT_PRODUCTS_DIR; };
/* End PBXFileReference section */

/* Begin PBXFrameworksBuildPhase section */
		550697AB1C685420008C5BAF /* Frameworks */ = {
			isa = PBXFrameworksBuildPhase;
			buildActionMask = 2147483647;
			files = (
			);
			runOnlyForDeploymentPostprocessing = 0;
		};
		55B79D8F1D36EC23001197C0 /* Frameworks */ = {
			isa = PBXFrameworksBuildPhase;
			buildActionMask = 2147483647;
			files = (
				55B79D9C1D36F20E001197C0 /* Harpy.framework in Frameworks */,
			);
			runOnlyForDeploymentPostprocessing = 0;
		};
		55CF3A201BC212E30023B63D /* Frameworks */ = {
			isa = PBXFrameworksBuildPhase;
			buildActionMask = 2147483647;
			files = (
				550697B61C685420008C5BAF /* Harpy.framework in Frameworks */,
			);
			runOnlyForDeploymentPostprocessing = 0;
		};
/* End PBXFrameworksBuildPhase section */

/* Begin PBXGroup section */
		550697B01C685420008C5BAF /* Harpy */ = {
			isa = PBXGroup;
			children = (
				552E937F1BC22C3000CC732D /* Harpy.bundle */,
				552E93801BC22C3000CC732D /* Harpy.h */,
				552E93811BC22C3000CC732D /* Harpy.m */,
				550697B31C685420008C5BAF /* Info.plist */,
			);
			path = Harpy;
			sourceTree = "<group>";
		};
		55B79D9D1D372AD7001197C0 /* HarpyTests */ = {
			isa = PBXGroup;
			children = (
				55B79D9E1D372AD7001197C0 /* HarpyTests.m */,
				55B79D9F1D372AD7001197C0 /* Info.plist */,
			);
			path = HarpyTests;
			sourceTree = "<group>";
		};
		55CF3A1A1BC212E30023B63D = {
			isa = PBXGroup;
			children = (
				55CF3A251BC212E30023B63D /* Sample Project */,
				55B79D9D1D372AD7001197C0 /* HarpyTests */,
				550697B01C685420008C5BAF /* Harpy */,
				55CF3A241BC212E30023B63D /* Products */,
			);
			sourceTree = "<group>";
		};
		55CF3A241BC212E30023B63D /* Products */ = {
			isa = PBXGroup;
			children = (
				55CF3A231BC212E30023B63D /* Sample Project.app */,
				550697AF1C685420008C5BAF /* Harpy.framework */,
				55B79D921D36EC23001197C0 /* HarpyTests.xctest */,
			);
			name = Products;
			sourceTree = "<group>";
		};
		55CF3A251BC212E30023B63D /* Sample Project */ = {
			isa = PBXGroup;
			children = (
				5511F2801BC2333700B26A22 /* AppDelegate.h */,
				5511F2811BC2333700B26A22 /* AppDelegate.m */,
				5511F2821BC2333700B26A22 /* ViewController.h */,
				5511F2831BC2333700B26A22 /* ViewController.m */,
				5511F28E1BC2339900B26A22 /* LaunchScreen.storyboard */,
				5511F2901BC2339900B26A22 /* Main.storyboard */,
				5511F2861BC2334A00B26A22 /* Assets.xcassets */,
				5511F2881BC2334F00B26A22 /* Info.plist */,
				55CF3A261BC212E30023B63D /* Supporting Files */,
			);
			name = "Sample Project";
			path = "Sampe Project";
			sourceTree = "<group>";
		};
		55CF3A261BC212E30023B63D /* Supporting Files */ = {
			isa = PBXGroup;
			children = (
				5511F28C1BC2338500B26A22 /* Default-568h@2x.png */,
				5511F28A1BC2337B00B26A22 /* main.m */,
			);
			name = "Supporting Files";
			sourceTree = "<group>";
		};
/* End PBXGroup section */

/* Begin PBXHeadersBuildPhase section */
		550697AC1C685420008C5BAF /* Headers */ = {
			isa = PBXHeadersBuildPhase;
			buildActionMask = 2147483647;
			files = (
				550697BD1C68545B008C5BAF /* Harpy.h in Headers */,
			);
			runOnlyForDeploymentPostprocessing = 0;
		};
/* End PBXHeadersBuildPhase section */

/* Begin PBXNativeTarget section */
		550697AE1C685420008C5BAF /* Harpy */ = {
			isa = PBXNativeTarget;
			buildConfigurationList = 550697BA1C685420008C5BAF /* Build configuration list for PBXNativeTarget "Harpy" */;
			buildPhases = (
				550697AA1C685420008C5BAF /* Sources */,
				550697AB1C685420008C5BAF /* Frameworks */,
				550697AC1C685420008C5BAF /* Headers */,
				550697AD1C685420008C5BAF /* Resources */,
			);
			buildRules = (
			);
			dependencies = (
			);
			name = Harpy;
			productName = Harpy;
			productReference = 550697AF1C685420008C5BAF /* Harpy.framework */;
			productType = "com.apple.product-type.framework";
		};
		55B79D911D36EC23001197C0 /* HarpyTests */ = {
			isa = PBXNativeTarget;
			buildConfigurationList = 55B79D991D36EC23001197C0 /* Build configuration list for PBXNativeTarget "HarpyTests" */;
			buildPhases = (
				55B79D8E1D36EC23001197C0 /* Sources */,
				55B79D8F1D36EC23001197C0 /* Frameworks */,
				55B79D901D36EC23001197C0 /* Resources */,
			);
			buildRules = (
			);
			dependencies = (
				55B79D981D36EC23001197C0 /* PBXTargetDependency */,
			);
			name = HarpyTests;
			productName = "Sample ProjectTests";
			productReference = 55B79D921D36EC23001197C0 /* HarpyTests.xctest */;
			productType = "com.apple.product-type.bundle.unit-test";
		};
		55CF3A221BC212E30023B63D /* Sample Project */ = {
			isa = PBXNativeTarget;
			buildConfigurationList = 55CF3A3A1BC212E30023B63D /* Build configuration list for PBXNativeTarget "Sample Project" */;
			buildPhases = (
				55CF3A1F1BC212E30023B63D /* Sources */,
				55CF3A201BC212E30023B63D /* Frameworks */,
				55CF3A211BC212E30023B63D /* Resources */,
				550697BB1C685420008C5BAF /* Embed Frameworks */,
			);
			buildRules = (
			);
			dependencies = (
				550697B51C685420008C5BAF /* PBXTargetDependency */,
			);
			name = "Sample Project";
			productName = "Sampe Project";
			productReference = 55CF3A231BC212E30023B63D /* Sample Project.app */;
			productType = "com.apple.product-type.application";
		};
/* End PBXNativeTarget section */

/* Begin PBXProject section */
		55CF3A1B1BC212E30023B63D /* Project object */ = {
			isa = PBXProject;
			attributes = {
				LastSwiftUpdateCheck = 0730;
				LastUpgradeCheck = 0810;
				ORGANIZATIONNAME = "Arthur Ariel Sabintsev";
				TargetAttributes = {
					550697AE1C685420008C5BAF = {
						CreatedOnToolsVersion = 7.2.1;
						DevelopmentTeam = HT94948NDD;
					};
					55B79D911D36EC23001197C0 = {
						CreatedOnToolsVersion = 7.3.1;
						DevelopmentTeam = HT94948NDD;
						TestTargetID = 55CF3A221BC212E30023B63D;
					};
					55CF3A221BC212E30023B63D = {
						CreatedOnToolsVersion = 7.0.1;
						DevelopmentTeam = HT94948NDD;
					};
				};
			};
			buildConfigurationList = 55CF3A1E1BC212E30023B63D /* Build configuration list for PBXProject "Sample Project" */;
			compatibilityVersion = "Xcode 3.2";
			developmentRegion = English;
			hasScannedForEncodings = 0;
			knownRegions = (
				en,
				Base,
			);
			mainGroup = 55CF3A1A1BC212E30023B63D;
			productRefGroup = 55CF3A241BC212E30023B63D /* Products */;
			projectDirPath = "";
			projectRoot = "";
			targets = (
				55CF3A221BC212E30023B63D /* Sample Project */,
				55B79D911D36EC23001197C0 /* HarpyTests */,
				550697AE1C685420008C5BAF /* Harpy */,
			);
		};
/* End PBXProject section */

/* Begin PBXResourcesBuildPhase section */
		550697AD1C685420008C5BAF /* Resources */ = {
			isa = PBXResourcesBuildPhase;
			buildActionMask = 2147483647;
			files = (
				550697BE1C68545F008C5BAF /* Harpy.bundle in Resources */,
			);
			runOnlyForDeploymentPostprocessing = 0;
		};
		55B79D901D36EC23001197C0 /* Resources */ = {
			isa = PBXResourcesBuildPhase;
			buildActionMask = 2147483647;
			files = (
			);
			runOnlyForDeploymentPostprocessing = 0;
		};
		55CF3A211BC212E30023B63D /* Resources */ = {
			isa = PBXResourcesBuildPhase;
			buildActionMask = 2147483647;
			files = (
				5511F2871BC2334A00B26A22 /* Assets.xcassets in Resources */,
				5511F2931BC2339900B26A22 /* Main.storyboard in Resources */,
				5511F2921BC2339900B26A22 /* LaunchScreen.storyboard in Resources */,
				5511F28D1BC2338500B26A22 /* Default-568h@2x.png in Resources */,
			);
			runOnlyForDeploymentPostprocessing = 0;
		};
/* End PBXResourcesBuildPhase section */

/* Begin PBXSourcesBuildPhase section */
		550697AA1C685420008C5BAF /* Sources */ = {
			isa = PBXSourcesBuildPhase;
			buildActionMask = 2147483647;
			files = (
				550697BC1C685458008C5BAF /* Harpy.m in Sources */,
			);
			runOnlyForDeploymentPostprocessing = 0;
		};
		55B79D8E1D36EC23001197C0 /* Sources */ = {
			isa = PBXSourcesBuildPhase;
			buildActionMask = 2147483647;
			files = (
				55B79DA01D372AD7001197C0 /* HarpyTests.m in Sources */,
			);
			runOnlyForDeploymentPostprocessing = 0;
		};
		55CF3A1F1BC212E30023B63D /* Sources */ = {
			isa = PBXSourcesBuildPhase;
			buildActionMask = 2147483647;
			files = (
				5511F28B1BC2337B00B26A22 /* main.m in Sources */,
				5511F2851BC2333700B26A22 /* ViewController.m in Sources */,
				5511F2841BC2333700B26A22 /* AppDelegate.m in Sources */,
			);
			runOnlyForDeploymentPostprocessing = 0;
		};
/* End PBXSourcesBuildPhase section */

/* Begin PBXTargetDependency section */
		550697B51C685420008C5BAF /* PBXTargetDependency */ = {
			isa = PBXTargetDependency;
			target = 550697AE1C685420008C5BAF /* Harpy */;
			targetProxy = 550697B41C685420008C5BAF /* PBXContainerItemProxy */;
		};
		55B79D981D36EC23001197C0 /* PBXTargetDependency */ = {
			isa = PBXTargetDependency;
			target = 55CF3A221BC212E30023B63D /* Sample Project */;
			targetProxy = 55B79D971D36EC23001197C0 /* PBXContainerItemProxy */;
		};
/* End PBXTargetDependency section */

/* Begin PBXVariantGroup section */
		5511F28E1BC2339900B26A22 /* LaunchScreen.storyboard */ = {
			isa = PBXVariantGroup;
			children = (
				5511F28F1BC2339900B26A22 /* Base */,
			);
			name = LaunchScreen.storyboard;
			sourceTree = "<group>";
		};
		5511F2901BC2339900B26A22 /* Main.storyboard */ = {
			isa = PBXVariantGroup;
			children = (
				5511F2911BC2339900B26A22 /* Base */,
			);
			name = Main.storyboard;
			sourceTree = "<group>";
		};
/* End PBXVariantGroup section */

/* Begin XCBuildConfiguration section */
		550697B81C685420008C5BAF /* Debug */ = {
			isa = XCBuildConfiguration;
			buildSettings = {
				"CODE_SIGN_IDENTITY[sdk=iphoneos*]" = "";
				CURRENT_PROJECT_VERSION = 1;
				DEFINES_MODULE = YES;
				DEVELOPMENT_TEAM = HT94948NDD;
				DYLIB_COMPATIBILITY_VERSION = 1;
				DYLIB_CURRENT_VERSION = 1;
				DYLIB_INSTALL_NAME_BASE = "@rpath";
				INFOPLIST_FILE = Harpy/Info.plist;
				INSTALL_PATH = "$(LOCAL_LIBRARY_DIR)/Frameworks";
				IPHONEOS_DEPLOYMENT_TARGET = 9.0;
				LD_RUNPATH_SEARCH_PATHS = "$(inherited) @executable_path/Frameworks @loader_path/Frameworks";
				PRODUCT_BUNDLE_IDENTIFIER = com.Sabintsev.Harpy;
				PRODUCT_NAME = "$(TARGET_NAME)";
				SKIP_INSTALL = YES;
				SWIFT_OPTIMIZATION_LEVEL = "-Onone";
				TARGETED_DEVICE_FAMILY = "1,2";
				VERSIONING_SYSTEM = "apple-generic";
				VERSION_INFO_PREFIX = "";
			};
			name = Debug;
		};
		550697B91C685420008C5BAF /* Release */ = {
			isa = XCBuildConfiguration;
			buildSettings = {
				"CODE_SIGN_IDENTITY[sdk=iphoneos*]" = "";
				CURRENT_PROJECT_VERSION = 1;
				DEFINES_MODULE = YES;
				DEVELOPMENT_TEAM = HT94948NDD;
				DYLIB_COMPATIBILITY_VERSION = 1;
				DYLIB_CURRENT_VERSION = 1;
				DYLIB_INSTALL_NAME_BASE = "@rpath";
				INFOPLIST_FILE = Harpy/Info.plist;
				INSTALL_PATH = "$(LOCAL_LIBRARY_DIR)/Frameworks";
				IPHONEOS_DEPLOYMENT_TARGET = 9.0;
				LD_RUNPATH_SEARCH_PATHS = "$(inherited) @executable_path/Frameworks @loader_path/Frameworks";
				PRODUCT_BUNDLE_IDENTIFIER = com.Sabintsev.Harpy;
				PRODUCT_NAME = "$(TARGET_NAME)";
				SKIP_INSTALL = YES;
				TARGETED_DEVICE_FAMILY = "1,2";
				VERSIONING_SYSTEM = "apple-generic";
				VERSION_INFO_PREFIX = "";
			};
			name = Release;
		};
		55B79D9A1D36EC23001197C0 /* Debug */ = {
			isa = XCBuildConfiguration;
			buildSettings = {
				BUNDLE_LOADER = "$(TEST_HOST)";
				CLANG_ANALYZER_NONNULL = YES;
				DEVELOPMENT_TEAM = HT94948NDD;
				INFOPLIST_FILE = HarpyTests/Info.plist;
				IPHONEOS_DEPLOYMENT_TARGET = 9.3;
				LD_RUNPATH_SEARCH_PATHS = "$(inherited) @executable_path/Frameworks @loader_path/Frameworks";
				PRODUCT_BUNDLE_IDENTIFIER = "com.sabintsev.Sample-ProjectTests";
				PRODUCT_NAME = "$(TARGET_NAME)";
				TEST_HOST = "$(BUILT_PRODUCTS_DIR)/Sample Project.app/Sample Project";
			};
			name = Debug;
		};
		55B79D9B1D36EC23001197C0 /* Release */ = {
			isa = XCBuildConfiguration;
			buildSettings = {
				BUNDLE_LOADER = "$(TEST_HOST)";
				CLANG_ANALYZER_NONNULL = YES;
				DEVELOPMENT_TEAM = HT94948NDD;
				INFOPLIST_FILE = HarpyTests/Info.plist;
				IPHONEOS_DEPLOYMENT_TARGET = 9.3;
				LD_RUNPATH_SEARCH_PATHS = "$(inherited) @executable_path/Frameworks @loader_path/Frameworks";
				PRODUCT_BUNDLE_IDENTIFIER = "com.sabintsev.Sample-ProjectTests";
				PRODUCT_NAME = "$(TARGET_NAME)";
				TEST_HOST = "$(BUILT_PRODUCTS_DIR)/Sample Project.app/Sample Project";
			};
			name = Release;
		};
		55CF3A381BC212E30023B63D /* Debug */ = {
			isa = XCBuildConfiguration;
			buildSettings = {
				ALWAYS_SEARCH_USER_PATHS = NO;
				CLANG_CXX_LANGUAGE_STANDARD = "gnu++0x";
				CLANG_CXX_LIBRARY = "libc++";
				CLANG_ENABLE_MODULES = YES;
				CLANG_ENABLE_OBJC_ARC = YES;
				CLANG_WARN_BOOL_CONVERSION = YES;
				CLANG_WARN_CONSTANT_CONVERSION = YES;
				CLANG_WARN_DIRECT_OBJC_ISA_USAGE = YES_ERROR;
				CLANG_WARN_EMPTY_BODY = YES;
				CLANG_WARN_ENUM_CONVERSION = YES;
				CLANG_WARN_INFINITE_RECURSION = YES;
				CLANG_WARN_INT_CONVERSION = YES;
				CLANG_WARN_OBJC_ROOT_CLASS = YES_ERROR;
				CLANG_WARN_SUSPICIOUS_MOVE = YES;
				CLANG_WARN_UNREACHABLE_CODE = YES;
				CLANG_WARN__DUPLICATE_METHOD_MATCH = YES;
				"CODE_SIGN_IDENTITY[sdk=iphoneos*]" = "iPhone Developer";
				COPY_PHASE_STRIP = NO;
				DEBUG_INFORMATION_FORMAT = dwarf;
				ENABLE_STRICT_OBJC_MSGSEND = YES;
				ENABLE_TESTABILITY = YES;
				GCC_C_LANGUAGE_STANDARD = gnu99;
				GCC_DYNAMIC_NO_PIC = NO;
				GCC_NO_COMMON_BLOCKS = YES;
				GCC_OPTIMIZATION_LEVEL = 0;
				GCC_PREPROCESSOR_DEFINITIONS = (
					"DEBUG=1",
					"$(inherited)",
				);
				GCC_WARN_64_TO_32_BIT_CONVERSION = YES;
				GCC_WARN_ABOUT_RETURN_TYPE = YES_ERROR;
				GCC_WARN_UNDECLARED_SELECTOR = YES;
				GCC_WARN_UNINITIALIZED_AUTOS = YES_AGGRESSIVE;
				GCC_WARN_UNUSED_FUNCTION = YES;
				GCC_WARN_UNUSED_VARIABLE = YES;
				IPHONEOS_DEPLOYMENT_TARGET = 9.0;
				MTL_ENABLE_DEBUG_INFO = YES;
				ONLY_ACTIVE_ARCH = YES;
				SDKROOT = iphoneos;
			};
			name = Debug;
		};
		55CF3A391BC212E30023B63D /* Release */ = {
			isa = XCBuildConfiguration;
			buildSettings = {
				ALWAYS_SEARCH_USER_PATHS = NO;
				CLANG_CXX_LANGUAGE_STANDARD = "gnu++0x";
				CLANG_CXX_LIBRARY = "libc++";
				CLANG_ENABLE_MODULES = YES;
				CLANG_ENABLE_OBJC_ARC = YES;
				CLANG_WARN_BOOL_CONVERSION = YES;
				CLANG_WARN_CONSTANT_CONVERSION = YES;
				CLANG_WARN_DIRECT_OBJC_ISA_USAGE = YES_ERROR;
				CLANG_WARN_EMPTY_BODY = YES;
				CLANG_WARN_ENUM_CONVERSION = YES;
				CLANG_WARN_INFINITE_RECURSION = YES;
				CLANG_WARN_INT_CONVERSION = YES;
				CLANG_WARN_OBJC_ROOT_CLASS = YES_ERROR;
				CLANG_WARN_SUSPICIOUS_MOVE = YES;
				CLANG_WARN_UNREACHABLE_CODE = YES;
				CLANG_WARN__DUPLICATE_METHOD_MATCH = YES;
				"CODE_SIGN_IDENTITY[sdk=iphoneos*]" = "iPhone Developer";
				COPY_PHASE_STRIP = NO;
				DEBUG_INFORMATION_FORMAT = "dwarf-with-dsym";
				ENABLE_NS_ASSERTIONS = NO;
				ENABLE_STRICT_OBJC_MSGSEND = YES;
				GCC_C_LANGUAGE_STANDARD = gnu99;
				GCC_NO_COMMON_BLOCKS = YES;
				GCC_WARN_64_TO_32_BIT_CONVERSION = YES;
				GCC_WARN_ABOUT_RETURN_TYPE = YES_ERROR;
				GCC_WARN_UNDECLARED_SELECTOR = YES;
				GCC_WARN_UNINITIALIZED_AUTOS = YES_AGGRESSIVE;
				GCC_WARN_UNUSED_FUNCTION = YES;
				GCC_WARN_UNUSED_VARIABLE = YES;
				IPHONEOS_DEPLOYMENT_TARGET = 9.0;
				MTL_ENABLE_DEBUG_INFO = NO;
				SDKROOT = iphoneos;
				VALIDATE_PRODUCT = YES;
			};
			name = Release;
		};
		55CF3A3B1BC212E30023B63D /* Debug */ = {
			isa = XCBuildConfiguration;
			buildSettings = {
				ASSETCATALOG_COMPILER_APPICON_NAME = AppIcon;
				DEVELOPMENT_TEAM = HT94948NDD;
				INFOPLIST_FILE = "$(SRCROOT)/Sample Project/Info.plist";
				IPHONEOS_DEPLOYMENT_TARGET = 9.0;
				LD_RUNPATH_SEARCH_PATHS = "$(inherited) @executable_path/Frameworks";
				PRODUCT_BUNDLE_IDENTIFIER = com.apple.itunesconnect.mobile;
				PRODUCT_NAME = "Sample Project";
			};
			name = Debug;
		};
		55CF3A3C1BC212E30023B63D /* Release */ = {
			isa = XCBuildConfiguration;
			buildSettings = {
				ASSETCATALOG_COMPILER_APPICON_NAME = AppIcon;
				DEVELOPMENT_TEAM = HT94948NDD;
				INFOPLIST_FILE = "$(SRCROOT)/Sample Project/Info.plist";
				IPHONEOS_DEPLOYMENT_TARGET = 9.0;
				LD_RUNPATH_SEARCH_PATHS = "$(inherited) @executable_path/Frameworks";
				PRODUCT_BUNDLE_IDENTIFIER = com.apple.itunesconnect.mobile;
				PRODUCT_NAME = "Sample Project";
			};
			name = Release;
		};
/* End XCBuildConfiguration section */

/* Begin XCConfigurationList section */
		550697BA1C685420008C5BAF /* Build configuration list for PBXNativeTarget "Harpy" */ = {
			isa = XCConfigurationList;
			buildConfigurations = (
				550697B81C685420008C5BAF /* Debug */,
				550697B91C685420008C5BAF /* Release */,
			);
			defaultConfigurationIsVisible = 0;
			defaultConfigurationName = Release;
		};
		55B79D991D36EC23001197C0 /* Build configuration list for PBXNativeTarget "HarpyTests" */ = {
			isa = XCConfigurationList;
			buildConfigurations = (
				55B79D9A1D36EC23001197C0 /* Debug */,
				55B79D9B1D36EC23001197C0 /* Release */,
			);
			defaultConfigurationIsVisible = 0;
			defaultConfigurationName = Release;
		};
		55CF3A1E1BC212E30023B63D /* Build configuration list for PBXProject "Sample Project" */ = {
			isa = XCConfigurationList;
			buildConfigurations = (
				55CF3A381BC212E30023B63D /* Debug */,
				55CF3A391BC212E30023B63D /* Release */,
			);
			defaultConfigurationIsVisible = 0;
			defaultConfigurationName = Release;
		};
		55CF3A3A1BC212E30023B63D /* Build configuration list for PBXNativeTarget "Sample Project" */ = {
			isa = XCConfigurationList;
			buildConfigurations = (
				55CF3A3B1BC212E30023B63D /* Debug */,
				55CF3A3C1BC212E30023B63D /* Release */,
			);
			defaultConfigurationIsVisible = 0;
			defaultConfigurationName = Release;
		};
/* End XCConfigurationList section */
	};
	rootObject = 55CF3A1B1BC212E30023B63D /* Project object */;
}
